
Microsoft Visual Studio Solution File, Format Version 12.00
# Visual Studio 15
VisualStudioVersion = 15.0.27004.2009
MinimumVisualStudioVersion = 10.0.40219.1
Project("{FAE04EC0-301F-11D3-BF4B-00C04F79EFBC}") = "RouteeSMSClient", "RouteeSMSClient\RouteeSMSClient.csproj", "{A56F57DA-A87E-40DA-B28E-42E11323D4D7}"
EndProject
Global
	GlobalSection(SolutionConfigurationPlatforms) = preSolution
		Debug|Any CPU = Debug|Any CPU
		Release|Any CPU = Release|Any CPU
	EndGlobalSection
	GlobalSection(ProjectConfigurationPlatforms) = postSolution
		{A56F57DA-A87E-40DA-B28E-42E11323D4D7}.Debug|Any CPU.ActiveCfg = Debug|Any CPU
		{A56F57DA-A87E-40DA-B28E-42E11323D4D7}.Debug|Any CPU.Build.0 = Debug|Any CPU
		{A56F57DA-A87E-40DA-B28E-42E11323D4D7}.Release|Any CPU.ActiveCfg = Release|Any CPU
		{A56F57DA-A87E-40DA-B28E-42E11323D4D7}.Release|Any CPU.Build.0 = Release|Any CPU
	EndGlobalSection
	GlobalSection(SolutionProperties) = preSolution
		HideSolutionNode = FALSE
	EndGlobalSection
	GlobalSection(ExtensibilityGlobals) = postSolution
		SolutionGuid = {8A3A176D-3D01-4E75-B3D9-CC8245702E73}
	EndGlobalSection
EndGlobal
