
Microsoft Visual Studio Solution File, Format Version 12.00
# Visual Studio 15
VisualStudioVersion = 15.0.27004.2009
MinimumVisualStudioVersion = 10.0.40219.1
Project("{9A19103F-16F7-4668-BE54-9A1E7A4F7556}") = "RouteeSMSClient", "RouteeSMSClient\RouteeSMSClient.csproj", "{A56F57DA-A87E-40DA-B28E-42E11323D4D7}"
EndProject
Project("{FAE04EC0-301F-11D3-BF4B-00C04F79EFBC}") = "Tests", "Tests\Tests.csproj", "{551BFC8B-5B56-4AA4-964E-1F42C024D34B}"
EndProject
Project("{7CF6DF6D-3B04-46F8-A40B-537D21BCA0B4}") = "Documentation", "Documentation\Documentation.shfbproj", "{B59645B0-D454-4682-BBC9-E2069245AFBC}"
EndProject
Project("{FAE04EC0-301F-11D3-BF4B-00C04F79EFBC}") = "SMSInterfaces", "SMSInterfaces\SMSInterfaces.csproj", "{ABF5BBFD-6A32-4E6E-AFE8-139A80D1FD0C}"
EndProject
Global
	GlobalSection(SolutionConfigurationPlatforms) = preSolution
		Debug|Any CPU = Debug|Any CPU
		Release|Any CPU = Release|Any CPU
	EndGlobalSection
	GlobalSection(ProjectConfigurationPlatforms) = postSolution
		{A56F57DA-A87E-40DA-B28E-42E11323D4D7}.Debug|Any CPU.ActiveCfg = Debug|Any CPU
		{A56F57DA-A87E-40DA-B28E-42E11323D4D7}.Debug|Any CPU.Build.0 = Debug|Any CPU
		{A56F57DA-A87E-40DA-B28E-42E11323D4D7}.Release|Any CPU.ActiveCfg = Release|Any CPU
		{A56F57DA-A87E-40DA-B28E-42E11323D4D7}.Release|Any CPU.Build.0 = Release|Any CPU
		{551BFC8B-5B56-4AA4-964E-1F42C024D34B}.Debug|Any CPU.ActiveCfg = Debug|Any CPU
		{551BFC8B-5B56-4AA4-964E-1F42C024D34B}.Debug|Any CPU.Build.0 = Debug|Any CPU
		{551BFC8B-5B56-4AA4-964E-1F42C024D34B}.Release|Any CPU.ActiveCfg = Release|Any CPU
		{551BFC8B-5B56-4AA4-964E-1F42C024D34B}.Release|Any CPU.Build.0 = Release|Any CPU
		{B59645B0-D454-4682-BBC9-E2069245AFBC}.Debug|Any CPU.ActiveCfg = Debug|Any CPU
		{B59645B0-D454-4682-BBC9-E2069245AFBC}.Debug|Any CPU.Build.0 = Debug|Any CPU
		{B59645B0-D454-4682-BBC9-E2069245AFBC}.Release|Any CPU.ActiveCfg = Release|Any CPU
		{B59645B0-D454-4682-BBC9-E2069245AFBC}.Release|Any CPU.Build.0 = Release|Any CPU
		{ABF5BBFD-6A32-4E6E-AFE8-139A80D1FD0C}.Debug|Any CPU.ActiveCfg = Debug|Any CPU
		{ABF5BBFD-6A32-4E6E-AFE8-139A80D1FD0C}.Debug|Any CPU.Build.0 = Debug|Any CPU
		{ABF5BBFD-6A32-4E6E-AFE8-139A80D1FD0C}.Release|Any CPU.ActiveCfg = Release|Any CPU
		{ABF5BBFD-6A32-4E6E-AFE8-139A80D1FD0C}.Release|Any CPU.Build.0 = Release|Any CPU
	EndGlobalSection
	GlobalSection(SolutionProperties) = preSolution
		HideSolutionNode = FALSE
	EndGlobalSection
	GlobalSection(ExtensibilityGlobals) = postSolution
		SolutionGuid = {8A3A176D-3D01-4E75-B3D9-CC8245702E73}
	EndGlobalSection
EndGlobal
